
Microsoft Visual Studio Solution File, Format Version 12.00
# Visual Studio Version 17
VisualStudioVersion = 17.3.32929.385
MinimumVisualStudioVersion = 10.0.40219.1
Project("{FAE04EC0-301F-11D3-BF4B-00C04F79EFBC}") = "C-Sharp", "C-Sharp\C-Sharp.csproj", "{21A45F6F-D3B4-4849-AD5B-C7CF8BE76235}"
EndProject
Project("{FAE04EC0-301F-11D3-BF4B-00C04F79EFBC}") = "Attributes", "Attributes\Attributes.csproj", "{529FF8C2-6E3C-4EB1-BF14-F0A53FF73170}"
EndProject
Project("{FAE04EC0-301F-11D3-BF4B-00C04F79EFBC}") = "Company", "Company\Company.csproj", "{D3490B5F-F74C-43CF-8E75-BAE44E1A6077}"
EndProject
Project("{FAE04EC0-301F-11D3-BF4B-00C04F79EFBC}") = "AccessModifiers", "AccessModifiers\AccessModifiers.csproj", "{EEA69428-49EA-4491-BDF6-1BC40FCB3E26}"
EndProject
Project("{FAE04EC0-301F-11D3-BF4B-00C04F79EFBC}") = "Overriding", "Overriding\Overriding.csproj", "{57C4F872-0010-4582-AC1F-E0D8E043CE68}"
EndProject
Global
	GlobalSection(SolutionConfigurationPlatforms) = preSolution
		Debug|Any CPU = Debug|Any CPU
		Release|Any CPU = Release|Any CPU
	EndGlobalSection
	GlobalSection(ProjectConfigurationPlatforms) = postSolution
		{21A45F6F-D3B4-4849-AD5B-C7CF8BE76235}.Debug|Any CPU.ActiveCfg = Debug|Any CPU
		{21A45F6F-D3B4-4849-AD5B-C7CF8BE76235}.Debug|Any CPU.Build.0 = Debug|Any CPU
		{21A45F6F-D3B4-4849-AD5B-C7CF8BE76235}.Release|Any CPU.ActiveCfg = Release|Any CPU
		{21A45F6F-D3B4-4849-AD5B-C7CF8BE76235}.Release|Any CPU.Build.0 = Release|Any CPU
		{529FF8C2-6E3C-4EB1-BF14-F0A53FF73170}.Debug|Any CPU.ActiveCfg = Debug|Any CPU
		{529FF8C2-6E3C-4EB1-BF14-F0A53FF73170}.Debug|Any CPU.Build.0 = Debug|Any CPU
		{529FF8C2-6E3C-4EB1-BF14-F0A53FF73170}.Release|Any CPU.ActiveCfg = Release|Any CPU
		{529FF8C2-6E3C-4EB1-BF14-F0A53FF73170}.Release|Any CPU.Build.0 = Release|Any CPU
		{D3490B5F-F74C-43CF-8E75-BAE44E1A6077}.Debug|Any CPU.ActiveCfg = Debug|Any CPU
		{D3490B5F-F74C-43CF-8E75-BAE44E1A6077}.Debug|Any CPU.Build.0 = Debug|Any CPU
		{D3490B5F-F74C-43CF-8E75-BAE44E1A6077}.Release|Any CPU.ActiveCfg = Release|Any CPU
		{D3490B5F-F74C-43CF-8E75-BAE44E1A6077}.Release|Any CPU.Build.0 = Release|Any CPU
		{EEA69428-49EA-4491-BDF6-1BC40FCB3E26}.Debug|Any CPU.ActiveCfg = Debug|Any CPU
		{EEA69428-49EA-4491-BDF6-1BC40FCB3E26}.Debug|Any CPU.Build.0 = Debug|Any CPU
		{EEA69428-49EA-4491-BDF6-1BC40FCB3E26}.Release|Any CPU.ActiveCfg = Release|Any CPU
		{EEA69428-49EA-4491-BDF6-1BC40FCB3E26}.Release|Any CPU.Build.0 = Release|Any CPU
		{57C4F872-0010-4582-AC1F-E0D8E043CE68}.Debug|Any CPU.ActiveCfg = Debug|Any CPU
		{57C4F872-0010-4582-AC1F-E0D8E043CE68}.Debug|Any CPU.Build.0 = Debug|Any CPU
		{57C4F872-0010-4582-AC1F-E0D8E043CE68}.Release|Any CPU.ActiveCfg = Release|Any CPU
		{57C4F872-0010-4582-AC1F-E0D8E043CE68}.Release|Any CPU.Build.0 = Release|Any CPU
	EndGlobalSection
	GlobalSection(SolutionProperties) = preSolution
		HideSolutionNode = FALSE
	EndGlobalSection
	GlobalSection(ExtensibilityGlobals) = postSolution
		SolutionGuid = {3B002B32-6728-4B3D-830C-7070230A2FE4}
	EndGlobalSection
EndGlobal
